
Microsoft Visual Studio Solution File, Format Version 12.00
# Visual Studio Version 17
VisualStudioVersion = 17.5.33502.453
MinimumVisualStudioVersion = 10.0.40219.1
Project("{FAE04EC0-301F-11D3-BF4B-00C04F79EFBC}") = "CityInfo.API", "CityInfo.API\CityInfo.API.csproj", "{69C3867B-A34E-4BB8-B56D-E40E6BA70207}"
EndProject
Global
	GlobalSection(SolutionConfigurationPlatforms) = preSolution
		Debug|Any CPU = Debug|Any CPU
		Release|Any CPU = Release|Any CPU
	EndGlobalSection
	GlobalSection(ProjectConfigurationPlatforms) = postSolution
		{69C3867B-A34E-4BB8-B56D-E40E6BA70207}.Debug|Any CPU.ActiveCfg = Debug|Any CPU
		{69C3867B-A34E-4BB8-B56D-E40E6BA70207}.Debug|Any CPU.Build.0 = Debug|Any CPU
		{69C3867B-A34E-4BB8-B56D-E40E6BA70207}.Release|Any CPU.ActiveCfg = Release|Any CPU
		{69C3867B-A34E-4BB8-B56D-E40E6BA70207}.Release|Any CPU.Build.0 = Release|Any CPU
	EndGlobalSection
	GlobalSection(SolutionProperties) = preSolution
		HideSolutionNode = FALSE
	EndGlobalSection
	GlobalSection(ExtensibilityGlobals) = postSolution
		SolutionGuid = {B233A752-8E3B-46C4-9311-2BC67EEB1041}
	EndGlobalSection
EndGlobal
