
Microsoft Visual Studio Solution File, Format Version 12.00
# Visual Studio Version 17
VisualStudioVersion = 17.5.33530.505
MinimumVisualStudioVersion = 10.0.40219.1
Project("{FAE04EC0-301F-11D3-BF4B-00C04F79EFBC}") = "CityInfo.API", "CityInfo.API\CityInfo.API.csproj", "{037C0F64-60DD-4E1F-9DDA-7225651D9BAD}"
EndProject
Global
	GlobalSection(SolutionConfigurationPlatforms) = preSolution
		Debug|Any CPU = Debug|Any CPU
		Release|Any CPU = Release|Any CPU
	EndGlobalSection
	GlobalSection(ProjectConfigurationPlatforms) = postSolution
		{037C0F64-60DD-4E1F-9DDA-7225651D9BAD}.Debug|Any CPU.ActiveCfg = Debug|Any CPU
		{037C0F64-60DD-4E1F-9DDA-7225651D9BAD}.Debug|Any CPU.Build.0 = Debug|Any CPU
		{037C0F64-60DD-4E1F-9DDA-7225651D9BAD}.Release|Any CPU.ActiveCfg = Release|Any CPU
		{037C0F64-60DD-4E1F-9DDA-7225651D9BAD}.Release|Any CPU.Build.0 = Release|Any CPU
	EndGlobalSection
	GlobalSection(SolutionProperties) = preSolution
		HideSolutionNode = FALSE
	EndGlobalSection
	GlobalSection(ExtensibilityGlobals) = postSolution
		SolutionGuid = {55B62CE0-154E-4464-BF33-614DEB7CA56F}
	EndGlobalSection
EndGlobal
